
Microsoft Visual Studio Solution File, Format Version 12.00
Project("{FAE04EC0-301F-11D3-BF4B-00C04F79EFBC}") = "MD.ChessCoach.UI.Windows", "MD.ChessCoach.UI.Windows\MD.ChessCoach.UI.Windows.csproj", "{1BDBDE7A-1AFB-473D-A488-21DD00823BA2}"
EndProject
Project("{FAE04EC0-301F-11D3-BF4B-00C04F79EFBC}") = "MD.ChessCoach.UI.Windows.Library", "MD.ChessCoach.UI.Windows.Library\MD.ChessCoach.UI.Windows.Library.csproj", "{CEC98FF8-5F46-4F07-9C4F-7425D36E31D5}"
EndProject
Project("{FAE04EC0-301F-11D3-BF4B-00C04F79EFBC}") = "MD.ChessCoach.UI.Communication", "MD.ChessCoach.UI.Communication\MD.ChessCoach.UI.Communication.csproj", "{9D9C7F89-DD98-41C8-AE65-54A958135C0D}"
EndProject
Project("{FAE04EC0-301F-11D3-BF4B-00C04F79EFBC}") = "Test", "Test\Test.csproj", "{28E481B7-B64D-45B6-A3F6-3406C0317606}"
EndProject
Project("{FAE04EC0-301F-11D3-BF4B-00C04F79EFBC}") = "MD.Common", "MD.Common\MD.Common.csproj", "{C24E7A80-F9E4-4E1F-8921-CCB5AF77CE3D}"
EndProject
Global
	GlobalSection(SolutionConfigurationPlatforms) = preSolution
		Debug|Any CPU = Debug|Any CPU
		Release|Any CPU = Release|Any CPU
	EndGlobalSection
	GlobalSection(ProjectConfigurationPlatforms) = postSolution
		{1BDBDE7A-1AFB-473D-A488-21DD00823BA2}.Debug|Any CPU.ActiveCfg = Debug|Any CPU
		{1BDBDE7A-1AFB-473D-A488-21DD00823BA2}.Debug|Any CPU.Build.0 = Debug|Any CPU
		{1BDBDE7A-1AFB-473D-A488-21DD00823BA2}.Release|Any CPU.ActiveCfg = Release|Any CPU
		{1BDBDE7A-1AFB-473D-A488-21DD00823BA2}.Release|Any CPU.Build.0 = Release|Any CPU
		{CEC98FF8-5F46-4F07-9C4F-7425D36E31D5}.Debug|Any CPU.ActiveCfg = Debug|Any CPU
		{CEC98FF8-5F46-4F07-9C4F-7425D36E31D5}.Debug|Any CPU.Build.0 = Debug|Any CPU
		{CEC98FF8-5F46-4F07-9C4F-7425D36E31D5}.Release|Any CPU.ActiveCfg = Release|Any CPU
		{CEC98FF8-5F46-4F07-9C4F-7425D36E31D5}.Release|Any CPU.Build.0 = Release|Any CPU
		{9D9C7F89-DD98-41C8-AE65-54A958135C0D}.Debug|Any CPU.ActiveCfg = Debug|Any CPU
		{9D9C7F89-DD98-41C8-AE65-54A958135C0D}.Debug|Any CPU.Build.0 = Debug|Any CPU
		{9D9C7F89-DD98-41C8-AE65-54A958135C0D}.Release|Any CPU.ActiveCfg = Release|Any CPU
		{9D9C7F89-DD98-41C8-AE65-54A958135C0D}.Release|Any CPU.Build.0 = Release|Any CPU
		{28E481B7-B64D-45B6-A3F6-3406C0317606}.Debug|Any CPU.ActiveCfg = Debug|Any CPU
		{28E481B7-B64D-45B6-A3F6-3406C0317606}.Debug|Any CPU.Build.0 = Debug|Any CPU
		{28E481B7-B64D-45B6-A3F6-3406C0317606}.Release|Any CPU.ActiveCfg = Release|Any CPU
		{28E481B7-B64D-45B6-A3F6-3406C0317606}.Release|Any CPU.Build.0 = Release|Any CPU
		{C24E7A80-F9E4-4E1F-8921-CCB5AF77CE3D}.Debug|Any CPU.ActiveCfg = Debug|Any CPU
		{C24E7A80-F9E4-4E1F-8921-CCB5AF77CE3D}.Debug|Any CPU.Build.0 = Debug|Any CPU
		{C24E7A80-F9E4-4E1F-8921-CCB5AF77CE3D}.Release|Any CPU.ActiveCfg = Release|Any CPU
		{C24E7A80-F9E4-4E1F-8921-CCB5AF77CE3D}.Release|Any CPU.Build.0 = Release|Any CPU
	EndGlobalSection
EndGlobal
